
Microsoft Visual Studio Solution File, Format Version 12.00
# Visual Studio Version 17
VisualStudioVersion = 17.14.36616.10 d17.14
MinimumVisualStudioVersion = 10.0.40219.1
Project("{FAE04EC0-301F-11D3-BF4B-00C04F79EFBC}") = "ServiceManagementApis", "ServiceManagementApis.csproj", "{EA56FDD8-2C98-7979-94CD-B4938C4C48AE}"
EndProject
Global
	GlobalSection(SolutionConfigurationPlatforms) = preSolution
		Debug|Any CPU = Debug|Any CPU
		Release|Any CPU = Release|Any CPU
	EndGlobalSection
	GlobalSection(ProjectConfigurationPlatforms) = postSolution
		{EA56FDD8-2C98-7979-94CD-B4938C4C48AE}.Debug|Any CPU.ActiveCfg = Debug|Any CPU
		{EA56FDD8-2C98-7979-94CD-B4938C4C48AE}.Debug|Any CPU.Build.0 = Debug|Any CPU
		{EA56FDD8-2C98-7979-94CD-B4938C4C48AE}.Release|Any CPU.ActiveCfg = Release|Any CPU
		{EA56FDD8-2C98-7979-94CD-B4938C4C48AE}.Release|Any CPU.Build.0 = Release|Any CPU
	EndGlobalSection
	GlobalSection(SolutionProperties) = preSolution
		HideSolutionNode = FALSE
	EndGlobalSection
	GlobalSection(ExtensibilityGlobals) = postSolution
		SolutionGuid = {0215C2A6-CE33-4374-91BF-C258178E4ACD}
	EndGlobalSection
EndGlobal
